
Microsoft Visual Studio Solution File, Format Version 12.00
# Visual Studio Version 17
VisualStudioVersion = 17.5.33530.505
MinimumVisualStudioVersion = 10.0.40219.1
Project("{9A19103F-16F7-4668-BE54-9A1E7A4F7556}") = "StatsStunter", "StatsStunter\StatsStunter.csproj", "{FDC8407E-A0E2-4D1C-AD03-F50517C07E63}"
EndProject
Project("{9A19103F-16F7-4668-BE54-9A1E7A4F7556}") = "NegativeMaxHealthFix", "NegativeMaxHealthFix\NegativeMaxHealthFix.csproj", "{4D523EE2-8D98-4F79-9D46-DA8B0E7DCCB1}"
EndProject
Project("{9A19103F-16F7-4668-BE54-9A1E7A4F7556}") = "ImprovedEndingRewards", "ImprovedEndingRewards\ImprovedEndingRewards.csproj", "{63B908B4-22A2-41C4-A532-627E4C2D032D}"
EndProject
Global
	GlobalSection(SolutionConfigurationPlatforms) = preSolution
		Debug|Any CPU = Debug|Any CPU
		Release|Any CPU = Release|Any CPU
	EndGlobalSection
	GlobalSection(ProjectConfigurationPlatforms) = postSolution
		{FDC8407E-A0E2-4D1C-AD03-F50517C07E63}.Debug|Any CPU.ActiveCfg = Debug|Any CPU
		{FDC8407E-A0E2-4D1C-AD03-F50517C07E63}.Debug|Any CPU.Build.0 = Debug|Any CPU
		{FDC8407E-A0E2-4D1C-AD03-F50517C07E63}.Release|Any CPU.ActiveCfg = Release|Any CPU
		{FDC8407E-A0E2-4D1C-AD03-F50517C07E63}.Release|Any CPU.Build.0 = Release|Any CPU
		{4D523EE2-8D98-4F79-9D46-DA8B0E7DCCB1}.Debug|Any CPU.ActiveCfg = Debug|Any CPU
		{4D523EE2-8D98-4F79-9D46-DA8B0E7DCCB1}.Debug|Any CPU.Build.0 = Debug|Any CPU
		{4D523EE2-8D98-4F79-9D46-DA8B0E7DCCB1}.Release|Any CPU.ActiveCfg = Release|Any CPU
		{4D523EE2-8D98-4F79-9D46-DA8B0E7DCCB1}.Release|Any CPU.Build.0 = Release|Any CPU
		{63B908B4-22A2-41C4-A532-627E4C2D032D}.Debug|Any CPU.ActiveCfg = Debug|Any CPU
		{63B908B4-22A2-41C4-A532-627E4C2D032D}.Debug|Any CPU.Build.0 = Debug|Any CPU
		{63B908B4-22A2-41C4-A532-627E4C2D032D}.Release|Any CPU.ActiveCfg = Release|Any CPU
		{63B908B4-22A2-41C4-A532-627E4C2D032D}.Release|Any CPU.Build.0 = Release|Any CPU
	EndGlobalSection
	GlobalSection(SolutionProperties) = preSolution
		HideSolutionNode = FALSE
	EndGlobalSection
	GlobalSection(ExtensibilityGlobals) = postSolution
		SolutionGuid = {25394121-1456-4FD9-A853-060A4DBBB74C}
	EndGlobalSection
EndGlobal
